
Microsoft Visual Studio Solution File, Format Version 12.00
# Visual Studio 15
VisualStudioVersion = 15.0.28307.1267
MinimumVisualStudioVersion = 10.0.40219.1
Project("{FAE04EC0-301F-11D3-BF4B-00C04F79EFBC}") = "SalesWebMvc", "SalesWebMvc\SalesWebMvc.csproj", "{E07C6CD5-39E7-4531-86D6-CAEB45E9A1CE}"
EndProject
Global
	GlobalSection(SolutionConfigurationPlatforms) = preSolution
		Debug|Any CPU = Debug|Any CPU
		Release|Any CPU = Release|Any CPU
	EndGlobalSection
	GlobalSection(ProjectConfigurationPlatforms) = postSolution
		{E07C6CD5-39E7-4531-86D6-CAEB45E9A1CE}.Debug|Any CPU.ActiveCfg = Debug|Any CPU
		{E07C6CD5-39E7-4531-86D6-CAEB45E9A1CE}.Debug|Any CPU.Build.0 = Debug|Any CPU
		{E07C6CD5-39E7-4531-86D6-CAEB45E9A1CE}.Release|Any CPU.ActiveCfg = Release|Any CPU
		{E07C6CD5-39E7-4531-86D6-CAEB45E9A1CE}.Release|Any CPU.Build.0 = Release|Any CPU
	EndGlobalSection
	GlobalSection(SolutionProperties) = preSolution
		HideSolutionNode = FALSE
	EndGlobalSection
	GlobalSection(ExtensibilityGlobals) = postSolution
		SolutionGuid = {C877A195-B132-49D5-94A4-FBF26DBDC3E0}
	EndGlobalSection
EndGlobal
